
Microsoft Visual Studio Solution File, Format Version 12.00
# Visual Studio Version 17
VisualStudioVersion = 17.2.32526.322
MinimumVisualStudioVersion = 10.0.40219.1
Project("{9A19103F-16F7-4668-BE54-9A1E7A4F7556}") = "EntityLayer", "EntityLayer\EntityLayer.csproj", "{C46850DB-B115-4411-83B1-477DA370BC29}"
EndProject
Project("{9A19103F-16F7-4668-BE54-9A1E7A4F7556}") = "DataAccessLayer", "DataAccessLayer\DataAccessLayer.csproj", "{16C4E21E-3C6E-43A8-A34A-B213AF9B13BF}"
EndProject
Project("{9A19103F-16F7-4668-BE54-9A1E7A4F7556}") = "BusinessLayer", "BusinessLayer\BusinessLayer.csproj", "{FDBD2FEB-2000-45CE-A49E-9A6F6D1C3F10}"
EndProject
Project("{9A19103F-16F7-4668-BE54-9A1E7A4F7556}") = "E-Ticaret", "E-Ticaret\E-Ticaret.csproj", "{62D93F7F-6A95-43AB-8DAA-3D4A1B831E12}"
EndProject
Global
	GlobalSection(SolutionConfigurationPlatforms) = preSolution
		Debug|Any CPU = Debug|Any CPU
		Release|Any CPU = Release|Any CPU
	EndGlobalSection
	GlobalSection(ProjectConfigurationPlatforms) = postSolution
		{C46850DB-B115-4411-83B1-477DA370BC29}.Debug|Any CPU.ActiveCfg = Debug|Any CPU
		{C46850DB-B115-4411-83B1-477DA370BC29}.Debug|Any CPU.Build.0 = Debug|Any CPU
		{C46850DB-B115-4411-83B1-477DA370BC29}.Release|Any CPU.ActiveCfg = Release|Any CPU
		{C46850DB-B115-4411-83B1-477DA370BC29}.Release|Any CPU.Build.0 = Release|Any CPU
		{16C4E21E-3C6E-43A8-A34A-B213AF9B13BF}.Debug|Any CPU.ActiveCfg = Debug|Any CPU
		{16C4E21E-3C6E-43A8-A34A-B213AF9B13BF}.Debug|Any CPU.Build.0 = Debug|Any CPU
		{16C4E21E-3C6E-43A8-A34A-B213AF9B13BF}.Release|Any CPU.ActiveCfg = Release|Any CPU
		{16C4E21E-3C6E-43A8-A34A-B213AF9B13BF}.Release|Any CPU.Build.0 = Release|Any CPU
		{FDBD2FEB-2000-45CE-A49E-9A6F6D1C3F10}.Debug|Any CPU.ActiveCfg = Debug|Any CPU
		{FDBD2FEB-2000-45CE-A49E-9A6F6D1C3F10}.Debug|Any CPU.Build.0 = Debug|Any CPU
		{FDBD2FEB-2000-45CE-A49E-9A6F6D1C3F10}.Release|Any CPU.ActiveCfg = Release|Any CPU
		{FDBD2FEB-2000-45CE-A49E-9A6F6D1C3F10}.Release|Any CPU.Build.0 = Release|Any CPU
		{62D93F7F-6A95-43AB-8DAA-3D4A1B831E12}.Debug|Any CPU.ActiveCfg = Debug|Any CPU
		{62D93F7F-6A95-43AB-8DAA-3D4A1B831E12}.Debug|Any CPU.Build.0 = Debug|Any CPU
		{62D93F7F-6A95-43AB-8DAA-3D4A1B831E12}.Release|Any CPU.ActiveCfg = Release|Any CPU
		{62D93F7F-6A95-43AB-8DAA-3D4A1B831E12}.Release|Any CPU.Build.0 = Release|Any CPU
	EndGlobalSection
	GlobalSection(SolutionProperties) = preSolution
		HideSolutionNode = FALSE
	EndGlobalSection
	GlobalSection(ExtensibilityGlobals) = postSolution
		SolutionGuid = {60CA427F-31BB-4165-A812-9C6E82EB3E63}
	EndGlobalSection
EndGlobal
